
Microsoft Visual Studio Solution File, Format Version 12.00
# Visual Studio Version 17
VisualStudioVersion = 17.3.32929.385
MinimumVisualStudioVersion = 10.0.40219.1
Project("{9A19103F-16F7-4668-BE54-9A1E7A4F7556}") = "WPFUI", "WPFUI\WPFUI.csproj", "{0548C248-7DEB-4ECF-94BC-9EA3BBC07B66}"
EndProject
Project("{9A19103F-16F7-4668-BE54-9A1E7A4F7556}") = "Elebris_WPF_Rpg.Models", "Elebris_WPF_Rpg.Models\Elebris_WPF_Rpg.Models.csproj", "{414F90A7-81C4-4AED-BE93-FB312820AAD8}"
EndProject
Project("{9A19103F-16F7-4668-BE54-9A1E7A4F7556}") = "Elebris_WPF_Rpg.Services", "Elebris_WPF_Rpg.Services\Elebris_WPF_Rpg.Services.csproj", "{034160CF-D818-43D2-B59C-F81E37B9A69B}"
EndProject
Project("{9A19103F-16F7-4668-BE54-9A1E7A4F7556}") = "Elebris_WPF_Rpg.ViewModels", "Elebris_WPF_Rpg.ViewModels\Elebris_WPF_Rpg.ViewModels.csproj", "{6E7C0AA7-5BEA-4430-9DA0-3D4994D62DEA}"
EndProject
Project("{9A19103F-16F7-4668-BE54-9A1E7A4F7556}") = "Elebris_WPF_Rpg.Core", "Elebris_WPF_Rpg.Core\Elebris_WPF_Rpg.Core.csproj", "{E31B55CC-6263-44A3-B7C3-E30C97F9CD58}"
EndProject
Global
	GlobalSection(SolutionConfigurationPlatforms) = preSolution
		Debug|Any CPU = Debug|Any CPU
		Release|Any CPU = Release|Any CPU
	EndGlobalSection
	GlobalSection(ProjectConfigurationPlatforms) = postSolution
		{0548C248-7DEB-4ECF-94BC-9EA3BBC07B66}.Debug|Any CPU.ActiveCfg = Debug|Any CPU
		{0548C248-7DEB-4ECF-94BC-9EA3BBC07B66}.Debug|Any CPU.Build.0 = Debug|Any CPU
		{0548C248-7DEB-4ECF-94BC-9EA3BBC07B66}.Release|Any CPU.ActiveCfg = Release|Any CPU
		{0548C248-7DEB-4ECF-94BC-9EA3BBC07B66}.Release|Any CPU.Build.0 = Release|Any CPU
		{414F90A7-81C4-4AED-BE93-FB312820AAD8}.Debug|Any CPU.ActiveCfg = Debug|Any CPU
		{414F90A7-81C4-4AED-BE93-FB312820AAD8}.Debug|Any CPU.Build.0 = Debug|Any CPU
		{414F90A7-81C4-4AED-BE93-FB312820AAD8}.Release|Any CPU.ActiveCfg = Release|Any CPU
		{414F90A7-81C4-4AED-BE93-FB312820AAD8}.Release|Any CPU.Build.0 = Release|Any CPU
		{034160CF-D818-43D2-B59C-F81E37B9A69B}.Debug|Any CPU.ActiveCfg = Debug|Any CPU
		{034160CF-D818-43D2-B59C-F81E37B9A69B}.Debug|Any CPU.Build.0 = Debug|Any CPU
		{034160CF-D818-43D2-B59C-F81E37B9A69B}.Release|Any CPU.ActiveCfg = Release|Any CPU
		{034160CF-D818-43D2-B59C-F81E37B9A69B}.Release|Any CPU.Build.0 = Release|Any CPU
		{6E7C0AA7-5BEA-4430-9DA0-3D4994D62DEA}.Debug|Any CPU.ActiveCfg = Debug|Any CPU
		{6E7C0AA7-5BEA-4430-9DA0-3D4994D62DEA}.Debug|Any CPU.Build.0 = Debug|Any CPU
		{6E7C0AA7-5BEA-4430-9DA0-3D4994D62DEA}.Release|Any CPU.ActiveCfg = Release|Any CPU
		{6E7C0AA7-5BEA-4430-9DA0-3D4994D62DEA}.Release|Any CPU.Build.0 = Release|Any CPU
		{E31B55CC-6263-44A3-B7C3-E30C97F9CD58}.Debug|Any CPU.ActiveCfg = Debug|Any CPU
		{E31B55CC-6263-44A3-B7C3-E30C97F9CD58}.Debug|Any CPU.Build.0 = Debug|Any CPU
		{E31B55CC-6263-44A3-B7C3-E30C97F9CD58}.Release|Any CPU.ActiveCfg = Release|Any CPU
		{E31B55CC-6263-44A3-B7C3-E30C97F9CD58}.Release|Any CPU.Build.0 = Release|Any CPU
	EndGlobalSection
	GlobalSection(SolutionProperties) = preSolution
		HideSolutionNode = FALSE
	EndGlobalSection
	GlobalSection(ExtensibilityGlobals) = postSolution
		SolutionGuid = {620F83D3-7DBC-45E3-B3A4-B7F64B469FBE}
	EndGlobalSection
EndGlobal
